
Microsoft Visual Studio Solution File, Format Version 12.00
# Visual Studio 14
VisualStudioVersion = 14.0.24720.0
MinimumVisualStudioVersion = 10.0.40219.1
Project("{FAE04EC0-301F-11D3-BF4B-00C04F79EFBC}") = "SeudanBeaga", "SeudanBeaga\SeudanBeaga.csproj", "{2CAA15C1-4AFB-4ECA-B06F-0BF87D53AA80}"
EndProject
Project("{FAE04EC0-301F-11D3-BF4B-00C04F79EFBC}") = "SeudanBeaga.Tests", "SeudanBeaga.Tests\SeudanBeaga.Tests.csproj", "{DEEDDC20-01E9-492E-9A34-6F81D6178E8C}"
EndProject
Project("{2150E333-8FDC-42A3-9474-1A3956D46DE8}") = "PublishScripts", "PublishScripts", "{B167E0D0-FEA2-40E3-8409-28E9A2E9DA83}"
EndProject
Project("{2150E333-8FDC-42A3-9474-1A3956D46DE8}") = "Scripts", "Scripts", "{275832A5-F948-4184-9806-58DB5AEFFBF3}"
	ProjectSection(SolutionItems) = preProject
		PublishScripts\Scripts\Deploy-AzureResourceGroup.ps1 = PublishScripts\Scripts\Deploy-AzureResourceGroup.ps1
	EndProjectSection
EndProject
Project("{2150E333-8FDC-42A3-9474-1A3956D46DE8}") = "Templates", "Templates", "{596D3917-4A64-4742-B47D-013D198714A6}"
	ProjectSection(SolutionItems) = preProject
		PublishScripts\Templates\SeudanBeaga.json = PublishScripts\Templates\SeudanBeaga.json
		PublishScripts\Templates\SeudanBeaga.param.dev.json = PublishScripts\Templates\SeudanBeaga.param.dev.json
	EndProjectSection
EndProject
Project("{FAE04EC0-301F-11D3-BF4B-00C04F79EFBC}") = "SeudanBeaga.DAL", "SeudanBeaga.DAL\SeudanBeaga.DAL.csproj", "{D043292B-E9A7-4B6C-8FC8-AE23612AF9E2}"
EndProject
Project("{FAE04EC0-301F-11D3-BF4B-00C04F79EFBC}") = "SeudanBeaga.Services", "SeudanBeaga.Services\SeudanBeaga.Services.csproj", "{AD09C374-85A7-4020-9E6E-47E8E4827845}"
EndProject
Project("{FAE04EC0-301F-11D3-BF4B-00C04F79EFBC}") = "SeudanBeaga.API", "SeudanBeaga.API\SeudanBeaga.API.csproj", "{0C5466E2-25E0-4DE9-9D72-18BAF38D6192}"
EndProject
Project("{FAE04EC0-301F-11D3-BF4B-00C04F79EFBC}") = "SeudanBeaga.API.Tests", "SeudanBeaga.API.Tests\SeudanBeaga.API.Tests.csproj", "{1F1696A7-CC4B-4D02-9BBD-4985E2C149BB}"
EndProject
Global
	GlobalSection(SolutionConfigurationPlatforms) = preSolution
		Debug|Any CPU = Debug|Any CPU
		Release|Any CPU = Release|Any CPU
	EndGlobalSection
	GlobalSection(ProjectConfigurationPlatforms) = postSolution
		{2CAA15C1-4AFB-4ECA-B06F-0BF87D53AA80}.Debug|Any CPU.ActiveCfg = Debug|Any CPU
		{2CAA15C1-4AFB-4ECA-B06F-0BF87D53AA80}.Debug|Any CPU.Build.0 = Debug|Any CPU
		{2CAA15C1-4AFB-4ECA-B06F-0BF87D53AA80}.Release|Any CPU.ActiveCfg = Release|Any CPU
		{2CAA15C1-4AFB-4ECA-B06F-0BF87D53AA80}.Release|Any CPU.Build.0 = Release|Any CPU
		{DEEDDC20-01E9-492E-9A34-6F81D6178E8C}.Debug|Any CPU.ActiveCfg = Debug|Any CPU
		{DEEDDC20-01E9-492E-9A34-6F81D6178E8C}.Debug|Any CPU.Build.0 = Debug|Any CPU
		{DEEDDC20-01E9-492E-9A34-6F81D6178E8C}.Release|Any CPU.ActiveCfg = Release|Any CPU
		{DEEDDC20-01E9-492E-9A34-6F81D6178E8C}.Release|Any CPU.Build.0 = Release|Any CPU
		{D043292B-E9A7-4B6C-8FC8-AE23612AF9E2}.Debug|Any CPU.ActiveCfg = Debug|Any CPU
		{D043292B-E9A7-4B6C-8FC8-AE23612AF9E2}.Debug|Any CPU.Build.0 = Debug|Any CPU
		{D043292B-E9A7-4B6C-8FC8-AE23612AF9E2}.Release|Any CPU.ActiveCfg = Release|Any CPU
		{D043292B-E9A7-4B6C-8FC8-AE23612AF9E2}.Release|Any CPU.Build.0 = Release|Any CPU
		{AD09C374-85A7-4020-9E6E-47E8E4827845}.Debug|Any CPU.ActiveCfg = Debug|Any CPU
		{AD09C374-85A7-4020-9E6E-47E8E4827845}.Debug|Any CPU.Build.0 = Debug|Any CPU
		{AD09C374-85A7-4020-9E6E-47E8E4827845}.Release|Any CPU.ActiveCfg = Release|Any CPU
		{AD09C374-85A7-4020-9E6E-47E8E4827845}.Release|Any CPU.Build.0 = Release|Any CPU
		{0C5466E2-25E0-4DE9-9D72-18BAF38D6192}.Debug|Any CPU.ActiveCfg = Debug|Any CPU
		{0C5466E2-25E0-4DE9-9D72-18BAF38D6192}.Debug|Any CPU.Build.0 = Debug|Any CPU
		{0C5466E2-25E0-4DE9-9D72-18BAF38D6192}.Release|Any CPU.ActiveCfg = Release|Any CPU
		{0C5466E2-25E0-4DE9-9D72-18BAF38D6192}.Release|Any CPU.Build.0 = Release|Any CPU
		{1F1696A7-CC4B-4D02-9BBD-4985E2C149BB}.Debug|Any CPU.ActiveCfg = Debug|Any CPU
		{1F1696A7-CC4B-4D02-9BBD-4985E2C149BB}.Debug|Any CPU.Build.0 = Debug|Any CPU
		{1F1696A7-CC4B-4D02-9BBD-4985E2C149BB}.Release|Any CPU.ActiveCfg = Release|Any CPU
		{1F1696A7-CC4B-4D02-9BBD-4985E2C149BB}.Release|Any CPU.Build.0 = Release|Any CPU
	EndGlobalSection
	GlobalSection(SolutionProperties) = preSolution
		HideSolutionNode = FALSE
	EndGlobalSection
	GlobalSection(NestedProjects) = preSolution
		{275832A5-F948-4184-9806-58DB5AEFFBF3} = {B167E0D0-FEA2-40E3-8409-28E9A2E9DA83}
		{596D3917-4A64-4742-B47D-013D198714A6} = {B167E0D0-FEA2-40E3-8409-28E9A2E9DA83}
	EndGlobalSection
EndGlobal
